// !$*UTF8*$!
{
	archiveVersion = 1;
	classes = {
	};
	objectVersion = 48;
	objects = {

/* Begin PBXBuildFile section */
		C714E59D20B5B4310013EDAF /* DataService.swift in Sources */ = {isa = PBXBuildFile; fileRef = C714E59C20B5B4310013EDAF /* DataService.swift */; };
		C7F1149020B458C1008DBEAA /* AppDelegate.swift in Sources */ = {isa = PBXBuildFile; fileRef = C7F1148F20B458C1008DBEAA /* AppDelegate.swift */; };
		C7F1149220B458C1008DBEAA /* CategoriesVC.swift in Sources */ = {isa = PBXBuildFile; fileRef = C7F1149120B458C1008DBEAA /* CategoriesVC.swift */; };
		C7F1149520B458C1008DBEAA /* Main.storyboard in Resources */ = {isa = PBXBuildFile; fileRef = C7F1149320B458C1008DBEAA /* Main.storyboard */; };
		C7F1149720B458C1008DBEAA /* Assets.xcassets in Resources */ = {isa = PBXBuildFile; fileRef = C7F1149620B458C1008DBEAA /* Assets.xcassets */; };
		C7F1149A20B458C1008DBEAA /* LaunchScreen.storyboard in Resources */ = {isa = PBXBuildFile; fileRef = C7F1149820B458C1008DBEAA /* LaunchScreen.storyboard */; };
		C7F114A520B45D8D008DBEAA /* CategoryCell.swift in Sources */ = {isa = PBXBuildFile; fileRef = C7F114A420B45D8D008DBEAA /* CategoryCell.swift */; };
		C7F114A720B461FC008DBEAA /* Category.swift in Sources */ = {isa = PBXBuildFile; fileRef = C7F114A620B461FC008DBEAA /* Category.swift */; };
/* End PBXBuildFile section */

/* Begin PBXFileReference section */
		C714E59C20B5B4310013EDAF /* DataService.swift */ = {isa = PBXFileReference; lastKnownFileType = sourcecode.swift; path = DataService.swift; sourceTree = "<group>"; };
		C7F1148C20B458C1008DBEAA /* apparel store.app */ = {isa = PBXFileReference; explicitFileType = wrapper.application; includeInIndex = 0; path = "apparel store.app"; sourceTree = BUILT_PRODUCTS_DIR; };
		C7F1148F20B458C1008DBEAA /* AppDelegate.swift */ = {isa = PBXFileReference; lastKnownFileType = sourcecode.swift; path = AppDelegate.swift; sourceTree = "<group>"; };
		C7F1149120B458C1008DBEAA /* CategoriesVC.swift */ = {isa = PBXFileReference; lastKnownFileType = sourcecode.swift; path = CategoriesVC.swift; sourceTree = "<group>"; };
		C7F1149420B458C1008DBEAA /* Base */ = {isa = PBXFileReference; lastKnownFileType = file.storyboard; name = Base; path = Base.lproj/Main.storyboard; sourceTree = "<group>"; };
		C7F1149620B458C1008DBEAA /* Assets.xcassets */ = {isa = PBXFileReference; lastKnownFileType = folder.assetcatalog; path = Assets.xcassets; sourceTree = "<group>"; };
		C7F1149920B458C1008DBEAA /* Base */ = {isa = PBXFileReference; lastKnownFileType = file.storyboard; name = Base; path = Base.lproj/LaunchScreen.storyboard; sourceTree = "<group>"; };
		C7F1149B20B458C1008DBEAA /* Info.plist */ = {isa = PBXFileReference; lastKnownFileType = text.plist.xml; path = Info.plist; sourceTree = "<group>"; };
		C7F114A420B45D8D008DBEAA /* CategoryCell.swift */ = {isa = PBXFileReference; lastKnownFileType = sourcecode.swift; path = CategoryCell.swift; sourceTree = "<group>"; };
		C7F114A620B461FC008DBEAA /* Category.swift */ = {isa = PBXFileReference; lastKnownFileType = sourcecode.swift; path = Category.swift; sourceTree = "<group>"; };
/* End PBXFileReference section */

/* Begin PBXFrameworksBuildPhase section */
		C7F1148920B458C1008DBEAA /* Frameworks */ = {
			isa = PBXFrameworksBuildPhase;
			buildActionMask = 2147483647;
			files = (
			);
			runOnlyForDeploymentPostprocessing = 0;
		};
/* End PBXFrameworksBuildPhase section */

/* Begin PBXGroup section */
		C714E59820B5B3DC0013EDAF /* DataService */ = {
			isa = PBXGroup;
			children = (
				C714E59C20B5B4310013EDAF /* DataService.swift */,
			);
			path = DataService;
			sourceTree = "<group>";
		};
		C7F1148320B458C1008DBEAA = {
			isa = PBXGroup;
			children = (
				C7F1148E20B458C1008DBEAA /* apparel store */,
				C7F1148D20B458C1008DBEAA /* Products */,
			);
			sourceTree = "<group>";
		};
		C7F1148D20B458C1008DBEAA /* Products */ = {
			isa = PBXGroup;
			children = (
				C7F1148C20B458C1008DBEAA /* apparel store.app */,
			);
			name = Products;
			sourceTree = "<group>";
		};
		C7F1148E20B458C1008DBEAA /* apparel store */ = {
			isa = PBXGroup;
			children = (
				C714E59820B5B3DC0013EDAF /* DataService */,
				C7F114A320B45D55008DBEAA /* View */,
				C7F114A220B45D4B008DBEAA /* Controller */,
				C7F114A120B45D42008DBEAA /* Model */,
				C7F1148F20B458C1008DBEAA /* AppDelegate.swift */,
				C7F1149320B458C1008DBEAA /* Main.storyboard */,
				C7F1149620B458C1008DBEAA /* Assets.xcassets */,
				C7F1149820B458C1008DBEAA /* LaunchScreen.storyboard */,
				C7F1149B20B458C1008DBEAA /* Info.plist */,
			);
			path = "apparel store";
			sourceTree = "<group>";
		};
		C7F114A120B45D42008DBEAA /* Model */ = {
			isa = PBXGroup;
			children = (
				C7F114A620B461FC008DBEAA /* Category.swift */,
			);
			path = Model;
			sourceTree = "<group>";
		};
		C7F114A220B45D4B008DBEAA /* Controller */ = {
			isa = PBXGroup;
			children = (
				C7F1149120B458C1008DBEAA /* CategoriesVC.swift */,
			);
			path = Controller;
			sourceTree = "<group>";
		};
		C7F114A320B45D55008DBEAA /* View */ = {
			isa = PBXGroup;
			children = (
				C7F114A420B45D8D008DBEAA /* CategoryCell.swift */,
			);
			path = View;
			sourceTree = "<group>";
		};
/* End PBXGroup section */

/* Begin PBXNativeTarget section */
		C7F1148B20B458C1008DBEAA /* apparel store */ = {
			isa = PBXNativeTarget;
			buildConfigurationList = C7F1149E20B458C1008DBEAA /* Build configuration list for PBXNativeTarget "apparel store" */;
			buildPhases = (
				C7F1148820B458C1008DBEAA /* Sources */,
				C7F1148920B458C1008DBEAA /* Frameworks */,
				C7F1148A20B458C1008DBEAA /* Resources */,
			);
			buildRules = (
			);
			dependencies = (
			);
			name = "apparel store";
			productName = "apparel store";
			productReference = C7F1148C20B458C1008DBEAA /* apparel store.app */;
			productType = "com.apple.product-type.application";
		};
/* End PBXNativeTarget section */

/* Begin PBXProject section */
		C7F1148420B458C1008DBEAA /* Project object */ = {
			isa = PBXProject;
			attributes = {
				LastSwiftUpdateCheck = 0900;
				LastUpgradeCheck = 0900;
				ORGANIZATIONNAME = Sehajbir;
				TargetAttributes = {
					C7F1148B20B458C1008DBEAA = {
						CreatedOnToolsVersion = 9.0;
						ProvisioningStyle = Automatic;
					};
				};
			};
			buildConfigurationList = C7F1148720B458C1008DBEAA /* Build configuration list for PBXProject "apparel store" */;
			compatibilityVersion = "Xcode 8.0";
			developmentRegion = en;
			hasScannedForEncodings = 0;
			knownRegions = (
				en,
				Base,
			);
			mainGroup = C7F1148320B458C1008DBEAA;
			productRefGroup = C7F1148D20B458C1008DBEAA /* Products */;
			projectDirPath = "";
			projectRoot = "";
			targets = (
				C7F1148B20B458C1008DBEAA /* apparel store */,
			);
		};
/* End PBXProject section */

/* Begin PBXResourcesBuildPhase section */
		C7F1148A20B458C1008DBEAA /* Resources */ = {
			isa = PBXResourcesBuildPhase;
			buildActionMask = 2147483647;
			files = (
				C7F1149A20B458C1008DBEAA /* LaunchScreen.storyboard in Resources */,
				C7F1149720B458C1008DBEAA /* Assets.xcassets in Resources */,
				C7F1149520B458C1008DBEAA /* Main.storyboard in Resources */,
			);
			runOnlyForDeploymentPostprocessing = 0;
		};
/* End PBXResourcesBuildPhase section */

/* Begin PBXSourcesBuildPhase section */
		C7F1148820B458C1008DBEAA /* Sources */ = {
			isa = PBXSourcesBuildPhase;
			buildActionMask = 2147483647;
			files = (
				C7F1149220B458C1008DBEAA /* CategoriesVC.swift in Sources */,
				C7F1149020B458C1008DBEAA /* AppDelegate.swift in Sources */,
				C7F114A520B45D8D008DBEAA /* CategoryCell.swift in Sources */,
				C7F114A720B461FC008DBEAA /* Category.swift in Sources */,
				C714E59D20B5B4310013EDAF /* DataService.swift in Sources */,
			);
			runOnlyForDeploymentPostprocessing = 0;
		};
/* End PBXSourcesBuildPhase section */

/* Begin PBXVariantGroup section */
		C7F1149320B458C1008DBEAA /* Main.storyboard */ = {
			isa = PBXVariantGroup;
			children = (
				C7F1149420B458C1008DBEAA /* Base */,
			);
			name = Main.storyboard;
			sourceTree = "<group>";
		};
		C7F1149820B458C1008DBEAA /* LaunchScreen.storyboard */ = {
			isa = PBXVariantGroup;
			children = (
				C7F1149920B458C1008DBEAA /* Base */,
			);
			name = LaunchScreen.storyboard;
			sourceTree = "<group>";
		};
/* End PBXVariantGroup section */

/* Begin XCBuildConfiguration section */
		C7F1149C20B458C1008DBEAA /* Debug */ = {
			isa = XCBuildConfiguration;
			buildSettings = {
				ALWAYS_SEARCH_USER_PATHS = NO;
				CLANG_ANALYZER_NONNULL = YES;
				CLANG_ANALYZER_NUMBER_OBJECT_CONVERSION = YES_AGGRESSIVE;
				CLANG_CXX_LANGUAGE_STANDARD = "gnu++14";
				CLANG_CXX_LIBRARY = "libc++";
				CLANG_ENABLE_MODULES = YES;
				CLANG_ENABLE_OBJC_ARC = YES;
				CLANG_WARN_BLOCK_CAPTURE_AUTORELEASING = YES;
				CLANG_WARN_BOOL_CONVERSION = YES;
				CLANG_WARN_COMMA = YES;
				CLANG_WARN_CONSTANT_CONVERSION = YES;
				CLANG_WARN_DIRECT_OBJC_ISA_USAGE = YES_ERROR;
				CLANG_WARN_DOCUMENTATION_COMMENTS = YES;
				CLANG_WARN_EMPTY_BODY = YES;
				CLANG_WARN_ENUM_CONVERSION = YES;
				CLANG_WARN_INFINITE_RECURSION = YES;
				CLANG_WARN_INT_CONVERSION = YES;
				CLANG_WARN_NON_LITERAL_NULL_CONVERSION = YES;
				CLANG_WARN_OBJC_LITERAL_CONVERSION = YES;
				CLANG_WARN_OBJC_ROOT_CLASS = YES_ERROR;
				CLANG_WARN_RANGE_LOOP_ANALYSIS = YES;
				CLANG_WARN_STRICT_PROTOTYPES = YES;
				CLANG_WARN_SUSPICIOUS_MOVE = YES;
				CLANG_WARN_UNGUARDED_AVAILABILITY = YES_AGGRESSIVE;
				CLANG_WARN_UNREACHABLE_CODE = YES;
				CLANG_WARN__DUPLICATE_METHOD_MATCH = YES;
				CODE_SIGN_IDENTITY = "iPhone Developer";
				COPY_PHASE_STRIP = NO;
				DEBUG_INFORMATION_FORMAT = dwarf;
				ENABLE_STRICT_OBJC_MSGSEND = YES;
				ENABLE_TESTABILITY = YES;
				GCC_C_LANGUAGE_STANDARD = gnu11;
				GCC_DYNAMIC_NO_PIC = NO;
				GCC_NO_COMMON_BLOCKS = YES;
				GCC_OPTIMIZATION_LEVEL = 0;
				GCC_PREPROCESSOR_DEFINITIONS = (
					"DEBUG=1",
					"$(inherited)",
				);
				GCC_WARN_64_TO_32_BIT_CONVERSION = YES;
				GCC_WARN_ABOUT_RETURN_TYPE = YES_ERROR;
				GCC_WARN_UNDECLARED_SELECTOR = YES;
				GCC_WARN_UNINITIALIZED_AUTOS = YES_AGGRESSIVE;
				GCC_WARN_UNUSED_FUNCTION = YES;
				GCC_WARN_UNUSED_VARIABLE = YES;
				IPHONEOS_DEPLOYMENT_TARGET = 11.0;
				MTL_ENABLE_DEBUG_INFO = YES;
				ONLY_ACTIVE_ARCH = YES;
				SDKROOT = iphoneos;
				SWIFT_ACTIVE_COMPILATION_CONDITIONS = DEBUG;
				SWIFT_OPTIMIZATION_LEVEL = "-Onone";
			};
			name = Debug;
		};
		C7F1149D20B458C1008DBEAA /* Release */ = {
			isa = XCBuildConfiguration;
			buildSettings = {
				ALWAYS_SEARCH_USER_PATHS = NO;
				CLANG_ANALYZER_NONNULL = YES;
				CLANG_ANALYZER_NUMBER_OBJECT_CONVERSION = YES_AGGRESSIVE;
				CLANG_CXX_LANGUAGE_STANDARD = "gnu++14";
				CLANG_CXX_LIBRARY = "libc++";
				CLANG_ENABLE_MODULES = YES;
				CLANG_ENABLE_OBJC_ARC = YES;
				CLANG_WARN_BLOCK_CAPTURE_AUTORELEASING = YES;
				CLANG_WARN_BOOL_CONVERSION = YES;
				CLANG_WARN_COMMA = YES;
				CLANG_WARN_CONSTANT_CONVERSION = YES;
				CLANG_WARN_DIRECT_OBJC_ISA_USAGE = YES_ERROR;
				CLANG_WARN_DOCUMENTATION_COMMENTS = YES;
				CLANG_WARN_EMPTY_BODY = YES;
				CLANG_WARN_ENUM_CONVERSION = YES;
				CLANG_WARN_INFINITE_RECURSION = YES;
				CLANG_WARN_INT_CONVERSION = YES;
				CLANG_WARN_NON_LITERAL_NULL_CONVERSION = YES;
				CLANG_WARN_OBJC_LITERAL_CONVERSION = YES;
				CLANG_WARN_OBJC_ROOT_CLASS = YES_ERROR;
				CLANG_WARN_RANGE_LOOP_ANALYSIS = YES;
				CLANG_WARN_STRICT_PROTOTYPES = YES;
				CLANG_WARN_SUSPICIOUS_MOVE = YES;
				CLANG_WARN_UNGUARDED_AVAILABILITY = YES_AGGRESSIVE;
				CLANG_WARN_UNREACHABLE_CODE = YES;
				CLANG_WARN__DUPLICATE_METHOD_MATCH = YES;
				CODE_SIGN_IDENTITY = "iPhone Developer";
				COPY_PHASE_STRIP = NO;
				DEBUG_INFORMATION_FORMAT = "dwarf-with-dsym";
				ENABLE_NS_ASSERTIONS = NO;
				ENABLE_STRICT_OBJC_MSGSEND = YES;
				GCC_C_LANGUAGE_STANDARD = gnu11;
				GCC_NO_COMMON_BLOCKS = YES;
				GCC_WARN_64_TO_32_BIT_CONVERSION = YES;
				GCC_WARN_ABOUT_RETURN_TYPE = YES_ERROR;
				GCC_WARN_UNDECLARED_SELECTOR = YES;
				GCC_WARN_UNINITIALIZED_AUTOS = YES_AGGRESSIVE;
				GCC_WARN_UNUSED_FUNCTION = YES;
				GCC_WARN_UNUSED_VARIABLE = YES;
				IPHONEOS_DEPLOYMENT_TARGET = 11.0;
				MTL_ENABLE_DEBUG_INFO = NO;
				SDKROOT = iphoneos;
				SWIFT_OPTIMIZATION_LEVEL = "-Owholemodule";
				VALIDATE_PRODUCT = YES;
			};
			name = Release;
		};
		C7F1149F20B458C1008DBEAA /* Debug */ = {
			isa = XCBuildConfiguration;
			buildSettings = {
				ASSETCATALOG_COMPILER_APPICON_NAME = AppIcon;
				CODE_SIGN_STYLE = Automatic;
				DEVELOPMENT_TEAM = UES3CL6253;
				INFOPLIST_FILE = "apparel store/Info.plist";
				LD_RUNPATH_SEARCH_PATHS = "$(inherited) @executable_path/Frameworks";
				PRODUCT_BUNDLE_IDENTIFIER = "Sehajbir.apparel-store";
				PRODUCT_NAME = "$(TARGET_NAME)";
				SWIFT_VERSION = 4.0;
				TARGETED_DEVICE_FAMILY = "1,2";
			};
			name = Debug;
		};
		C7F114A020B458C1008DBEAA /* Release */ = {
			isa = XCBuildConfiguration;
			buildSettings = {
				ASSETCATALOG_COMPILER_APPICON_NAME = AppIcon;
				CODE_SIGN_STYLE = Automatic;
				DEVELOPMENT_TEAM = UES3CL6253;
				INFOPLIST_FILE = "apparel store/Info.plist";
				LD_RUNPATH_SEARCH_PATHS = "$(inherited) @executable_path/Frameworks";
				PRODUCT_BUNDLE_IDENTIFIER = "Sehajbir.apparel-store";
				PRODUCT_NAME = "$(TARGET_NAME)";
				SWIFT_VERSION = 4.0;
				TARGETED_DEVICE_FAMILY = "1,2";
			};
			name = Release;
		};
/* End XCBuildConfiguration section */

/* Begin XCConfigurationList section */
		C7F1148720B458C1008DBEAA /* Build configuration list for PBXProject "apparel store" */ = {
			isa = XCConfigurationList;
			buildConfigurations = (
				C7F1149C20B458C1008DBEAA /* Debug */,
				C7F1149D20B458C1008DBEAA /* Release */,
			);
			defaultConfigurationIsVisible = 0;
			defaultConfigurationName = Release;
		};
		C7F1149E20B458C1008DBEAA /* Build configuration list for PBXNativeTarget "apparel store" */ = {
			isa = XCConfigurationList;
			buildConfigurations = (
				C7F1149F20B458C1008DBEAA /* Debug */,
				C7F114A020B458C1008DBEAA /* Release */,
			);
			defaultConfigurationIsVisible = 0;
			defaultConfigurationName = Release;
		};
/* End XCConfigurationList section */
	};
	rootObject = C7F1148420B458C1008DBEAA /* Project object */;
}
